Microsoft Visual Studio Solution File, Format Version 12.00
# Visual Studio 2012
Project("{FAE04EC0-301F-11D3-BF4B-00C04F79EFBC}") = "Tile Maps", "Tile Maps.csproj", "{A176F069-A14E-4453-8079-7552C84E3A91}"
EndProject
Global
	GlobalSection(SolutionConfigurationPlatforms) = preSolution
	Debug|Any CPU = Debug|Any CPU
	ExportDebug|Any CPU = ExportDebug|Any CPU
	ExportRelease|Any CPU = ExportRelease|Any CPU
	EndGlobalSection
	GlobalSection(ProjectConfigurationPlatforms) = postSolution
		{A176F069-A14E-4453-8079-7552C84E3A91}.Debug|Any CPU.ActiveCfg = Debug|Any CPU
		{A176F069-A14E-4453-8079-7552C84E3A91}.Debug|Any CPU.Build.0 = Debug|Any CPU
		{A176F069-A14E-4453-8079-7552C84E3A91}.ExportDebug|Any CPU.ActiveCfg = ExportDebug|Any CPU
		{A176F069-A14E-4453-8079-7552C84E3A91}.ExportDebug|Any CPU.Build.0 = ExportDebug|Any CPU
		{A176F069-A14E-4453-8079-7552C84E3A91}.ExportRelease|Any CPU.ActiveCfg = ExportRelease|Any CPU
		{A176F069-A14E-4453-8079-7552C84E3A91}.ExportRelease|Any CPU.Build.0 = ExportRelease|Any CPU
	EndGlobalSection
EndGlobal
